
Microsoft Visual Studio Solution File, Format Version 12.00
# Visual Studio Version 16
VisualStudioVersion = 16.0.31424.327
MinimumVisualStudioVersion = 10.0.40219.1
Project("{FAE04EC0-301F-11D3-BF4B-00C04F79EFBC}") = "Resume", "Resume\Resume.csproj", "{30682BD7-AF98-4DD9-BEBF-E8B59CF2EB4F}"
EndProject
Global
	GlobalSection(SolutionConfigurationPlatforms) = preSolution
		Debug|Any CPU = Debug|Any CPU
		Release|Any CPU = Release|Any CPU
	EndGlobalSection
	GlobalSection(ProjectConfigurationPlatforms) = postSolution
		{30682BD7-AF98-4DD9-BEBF-E8B59CF2EB4F}.Debug|Any CPU.ActiveCfg = Debug|Any CPU
		{30682BD7-AF98-4DD9-BEBF-E8B59CF2EB4F}.Debug|Any CPU.Build.0 = Debug|Any CPU
		{30682BD7-AF98-4DD9-BEBF-E8B59CF2EB4F}.Release|Any CPU.ActiveCfg = Release|Any CPU
		{30682BD7-AF98-4DD9-BEBF-E8B59CF2EB4F}.Release|Any CPU.Build.0 = Release|Any CPU
	EndGlobalSection
	GlobalSection(SolutionProperties) = preSolution
		HideSolutionNode = FALSE
	EndGlobalSection
	GlobalSection(ExtensibilityGlobals) = postSolution
		SolutionGuid = {CEE2B229-AD4B-4559-8264-5E08479CBBDB}
	EndGlobalSection
EndGlobal
